
Microsoft Visual Studio Solution File, Format Version 12.00
# Visual Studio Version 17
VisualStudioVersion = 17.11.35222.181
MinimumVisualStudioVersion = 10.0.40219.1
Project("{9A19103F-16F7-4668-BE54-9A1E7A4F7556}") = "BlazorEditFormExamples", "BlazorEditFormExamples.csproj", "{24C5E770-F686-46C7-B7BE-AAC9ED3FCB12}"
EndProject
Global
	GlobalSection(SolutionConfigurationPlatforms) = preSolution
		Debug|Any CPU = Debug|Any CPU
		Release|Any CPU = Release|Any CPU
	EndGlobalSection
	GlobalSection(ProjectConfigurationPlatforms) = postSolution
		{24C5E770-F686-46C7-B7BE-AAC9ED3FCB12}.Debug|Any CPU.ActiveCfg = Debug|Any CPU
		{24C5E770-F686-46C7-B7BE-AAC9ED3FCB12}.Debug|Any CPU.Build.0 = Debug|Any CPU
		{24C5E770-F686-46C7-B7BE-AAC9ED3FCB12}.Release|Any CPU.ActiveCfg = Release|Any CPU
		{24C5E770-F686-46C7-B7BE-AAC9ED3FCB12}.Release|Any CPU.Build.0 = Release|Any CPU
	EndGlobalSection
	GlobalSection(SolutionProperties) = preSolution
		HideSolutionNode = FALSE
	EndGlobalSection
	GlobalSection(ExtensibilityGlobals) = postSolution
		SolutionGuid = {760CF4D6-7DF0-4DDB-8C9E-64B6EE15C418}
	EndGlobalSection
EndGlobal
